# This file is automatically @generated by Cargo.
# It is not intended for manual editing.
version = 4

[[package]]
name = "fluaterm"
version = "0.2.2"
source = "registry+https://github.com/rust-lang/crates.io-index"
checksum = "498b5f10efc84a3a7ed4dc78c0d01147a6e9dc80acc29d9bf48f8114113ad7a8"

[[package]]
name = "sakeparser"
version = "0.1.0"
dependencies = [
 "fluaterm",
]
